
Microsoft Visual Studio Solution File, Format Version 12.00
# Visual Studio 15
VisualStudioVersion = 15.0.28307.779
MinimumVisualStudioVersion = 10.0.40219.1
Project("{FAE04EC0-301F-11D3-BF4B-00C04F79EFBC}") = "CRUDWebApp", "CRUDWebApp\CRUDWebApp.csproj", "{A5BBA208-51EA-4326-B316-66F6DAFD874B}"
EndProject
Global
	GlobalSection(SolutionConfigurationPlatforms) = preSolution
		Debug|Any CPU = Debug|Any CPU
		Release|Any CPU = Release|Any CPU
	EndGlobalSection
	GlobalSection(ProjectConfigurationPlatforms) = postSolution
		{A5BBA208-51EA-4326-B316-66F6DAFD874B}.Debug|Any CPU.ActiveCfg = Debug|Any CPU
		{A5BBA208-51EA-4326-B316-66F6DAFD874B}.Debug|Any CPU.Build.0 = Debug|Any CPU
		{A5BBA208-51EA-4326-B316-66F6DAFD874B}.Release|Any CPU.ActiveCfg = Release|Any CPU
		{A5BBA208-51EA-4326-B316-66F6DAFD874B}.Release|Any CPU.Build.0 = Release|Any CPU
	EndGlobalSection
	GlobalSection(SolutionProperties) = preSolution
		HideSolutionNode = FALSE
	EndGlobalSection
	GlobalSection(ExtensibilityGlobals) = postSolution
		SolutionGuid = {D5A5ADAC-580D-4786-A668-8C64138EC1F4}
	EndGlobalSection
EndGlobal
